{
  "object": {
    "pins": [
      {
        "package": "SwURL",
        "repositoryURL": "https://github.com/cmtrounce/SwURL",
        "state": {
          "branch": null,
          "revision": "ea349b67d8fd663d0e96e3116280ba1615a83d3d",
          "version": "0.4.0"
        }
      }
    ]
  },
  "version": 1
}
